// !$*UTF8*$!
{
	archiveVersion = 1;
	classes = {
	};
	objectVersion = 55;
	objects = {

/* Begin PBXBuildFile section */
		8B1DBCA727A1CBD900E93AA2 /* String+Ext.swift in Sources */ = {isa = PBXBuildFile; fileRef = 8B1DBCA627A1CBD900E93AA2 /* String+Ext.swift */; };
		8B4A3A8727A5B86700851673 /* UIHelper.swift in Sources */ = {isa = PBXBuildFile; fileRef = 8B4A3A8627A5B86700851673 /* UIHelper.swift */; };
		8B4A3A8F27A5D5BC00851673 /* GFEmptyStateView.swift in Sources */ = {isa = PBXBuildFile; fileRef = 8B4A3A8E27A5D5BC00851673 /* GFEmptyStateView.swift */; };
		8B4A3A9127A6EB1900851673 /* UserInfoVC.swift in Sources */ = {isa = PBXBuildFile; fileRef = 8B4A3A9027A6EB1900851673 /* UserInfoVC.swift */; };
		8B4A3A9327A6F41600851673 /* GFError.swift in Sources */ = {isa = PBXBuildFile; fileRef = 8B4A3A9227A6F41600851673 /* GFError.swift */; };
		8B4A3A9527A6FA8C00851673 /* GFUserInfoHeaderVC.swift in Sources */ = {isa = PBXBuildFile; fileRef = 8B4A3A9427A6FA8C00851673 /* GFUserInfoHeaderVC.swift */; };
		8B4A3A9727A6FAF700851673 /* GFSecondaryTitleLabel.swift in Sources */ = {isa = PBXBuildFile; fileRef = 8B4A3A9627A6FAF700851673 /* GFSecondaryTitleLabel.swift */; };
		8B4A3A9927A701C100851673 /* Constants.swift in Sources */ = {isa = PBXBuildFile; fileRef = 8B4A3A9827A701C100851673 /* Constants.swift */; };
		8B4A3A9B27A7138F00851673 /* GFItemInfoView.swift in Sources */ = {isa = PBXBuildFile; fileRef = 8B4A3A9A27A7138F00851673 /* GFItemInfoView.swift */; };
		8B4A3A9F27A8381400851673 /* GFItemInfoVC.swift in Sources */ = {isa = PBXBuildFile; fileRef = 8B4A3A9E27A8381400851673 /* GFItemInfoVC.swift */; };
		8B4A3AA127A83C4100851673 /* GFRepoItemVC.swift in Sources */ = {isa = PBXBuildFile; fileRef = 8B4A3AA027A83C4100851673 /* GFRepoItemVC.swift */; };
		8B4A3AA327A83E3100851673 /* GFFollowerItemVC.swift in Sources */ = {isa = PBXBuildFile; fileRef = 8B4A3AA227A83E3100851673 /* GFFollowerItemVC.swift */; };
		8B503D9427A9C55500682564 /* Date+Ext.swift in Sources */ = {isa = PBXBuildFile; fileRef = 8B503D9327A9C55500682564 /* Date+Ext.swift */; };
		8B503D9927A9C8A400682564 /* UIView+Ext.swift in Sources */ = {isa = PBXBuildFile; fileRef = 8B503D9727A9C8A400682564 /* UIView+Ext.swift */; };
		8B503D9A27A9C8A400682564 /* UITableView+Ext.swift in Sources */ = {isa = PBXBuildFile; fileRef = 8B503D9827A9C8A400682564 /* UITableView+Ext.swift */; };
		8B79CACB279C8A79001D4F6C /* AppDelegate.swift in Sources */ = {isa = PBXBuildFile; fileRef = 8B79CACA279C8A79001D4F6C /* AppDelegate.swift */; };
		8B79CACD279C8A79001D4F6C /* SceneDelegate.swift in Sources */ = {isa = PBXBuildFile; fileRef = 8B79CACC279C8A79001D4F6C /* SceneDelegate.swift */; };
		8B79CAD4279C8A7B001D4F6C /* Assets.xcassets in Resources */ = {isa = PBXBuildFile; fileRef = 8B79CAD3279C8A7B001D4F6C /* Assets.xcassets */; };
		8B79CAD7279C8A7B001D4F6C /* LaunchScreen.storyboard in Resources */ = {isa = PBXBuildFile; fileRef = 8B79CAD5279C8A7B001D4F6C /* LaunchScreen.storyboard */; };
		8B79CADF279C8EB3001D4F6C /* README.md in Resources */ = {isa = PBXBuildFile; fileRef = 8B79CADE279C8EB2001D4F6C /* README.md */; };
		8B79CAE1279C94E6001D4F6C /* SearchVC.swift in Sources */ = {isa = PBXBuildFile; fileRef = 8B79CAE0279C94E6001D4F6C /* SearchVC.swift */; };
		8B79CAE3279C957C001D4F6C /* FavoritesListVC.swift in Sources */ = {isa = PBXBuildFile; fileRef = 8B79CAE2279C957C001D4F6C /* FavoritesListVC.swift */; };
		8B79CAE5279C9EC3001D4F6C /* GFButton.swift in Sources */ = {isa = PBXBuildFile; fileRef = 8B79CAE4279C9EC2001D4F6C /* GFButton.swift */; };
		8B79CAE7279CA424001D4F6C /* GFTextField.swift in Sources */ = {isa = PBXBuildFile; fileRef = 8B79CAE6279CA424001D4F6C /* GFTextField.swift */; };
		8B79CAE9279DAA82001D4F6C /* FollowersListVC.swift in Sources */ = {isa = PBXBuildFile; fileRef = 8B79CAE8279DAA81001D4F6C /* FollowersListVC.swift */; };
		8B79CAED279DB274001D4F6C /* GFTitleLabel.swift in Sources */ = {isa = PBXBuildFile; fileRef = 8B79CAEC279DB274001D4F6C /* GFTitleLabel.swift */; };
		8B79CAEF279DC334001D4F6C /* GFBodyLabel.swift in Sources */ = {isa = PBXBuildFile; fileRef = 8B79CAEE279DC334001D4F6C /* GFBodyLabel.swift */; };
		8B79CAF1279DC3EF001D4F6C /* GFAlertVC.swift in Sources */ = {isa = PBXBuildFile; fileRef = 8B79CAF0279DC3EF001D4F6C /* GFAlertVC.swift */; };
		8B79CAF3279DCC88001D4F6C /* UIViewController+Ext.swift in Sources */ = {isa = PBXBuildFile; fileRef = 8B79CAF2279DCC88001D4F6C /* UIViewController+Ext.swift */; };
		8B79CAF9279DD75A001D4F6C /* Follower.swift in Sources */ = {isa = PBXBuildFile; fileRef = 8B79CAF8279DD75A001D4F6C /* Follower.swift */; };
		8B79CAFB279DD81A001D4F6C /* User.swift in Sources */ = {isa = PBXBuildFile; fileRef = 8B79CAFA279DD81A001D4F6C /* User.swift */; };
		8B79CAFE279DDD32001D4F6C /* NetworkManager.swift in Sources */ = {isa = PBXBuildFile; fileRef = 8B79CAFD279DDD31001D4F6C /* NetworkManager.swift */; };
		8B79CB04279DF119001D4F6C /* FollowerCell.swift in Sources */ = {isa = PBXBuildFile; fileRef = 8B79CB03279DF119001D4F6C /* FollowerCell.swift */; };
		8B79CB06279DF1B3001D4F6C /* GFAvatarImageView.swift in Sources */ = {isa = PBXBuildFile; fileRef = 8B79CB05279DF1B3001D4F6C /* GFAvatarImageView.swift */; };
		FA41A2D127AF01D50075E21D /* PersistenceManager.swift in Sources */ = {isa = PBXBuildFile; fileRef = FA41A2D027AF01D50075E21D /* PersistenceManager.swift */; };
		FA41A2D627AFEA2B0075E21D /* FavoriteCell.swift in Sources */ = {isa = PBXBuildFile; fileRef = FA41A2D527AFEA2B0075E21D /* FavoriteCell.swift */; };
		FA41A2D927B004F80075E21D /* GFTabBarController.swift in Sources */ = {isa = PBXBuildFile; fileRef = FA41A2D827B004F80075E21D /* GFTabBarController.swift */; };
		FA41A2DB27B00EE00075E21D /* GFAlertContainerView.swift in Sources */ = {isa = PBXBuildFile; fileRef = FA41A2DA27B00EE00075E21D /* GFAlertContainerView.swift */; };
		FA41A2DD27B054AA0075E21D /* GFDataLoadingVC.swift in Sources */ = {isa = PBXBuildFile; fileRef = FA41A2DC27B054AA0075E21D /* GFDataLoadingVC.swift */; };
/* End PBXBuildFile section */

/* Begin PBXFileReference section */
		8B1DBCA627A1CBD900E93AA2 /* String+Ext.swift */ = {isa = PBXFileReference; fileEncoding = 4; lastKnownFileType = sourcecode.swift; path = "String+Ext.swift"; sourceTree = "<group>"; };
		8B4A3A8627A5B86700851673 /* UIHelper.swift */ = {isa = PBXFileReference; lastKnownFileType = sourcecode.swift; path = UIHelper.swift; sourceTree = "<group>"; };
		8B4A3A8E27A5D5BC00851673 /* GFEmptyStateView.swift */ = {isa = PBXFileReference; lastKnownFileType = sourcecode.swift; path = GFEmptyStateView.swift; sourceTree = "<group>"; };
		8B4A3A9027A6EB1900851673 /* UserInfoVC.swift */ = {isa = PBXFileReference; lastKnownFileType = sourcecode.swift; path = UserInfoVC.swift; sourceTree = "<group>"; };
		8B4A3A9227A6F41600851673 /* GFError.swift */ = {isa = PBXFileReference; lastKnownFileType = sourcecode.swift; path = GFError.swift; sourceTree = "<group>"; };
		8B4A3A9427A6FA8C00851673 /* GFUserInfoHeaderVC.swift */ = {isa = PBXFileReference; lastKnownFileType = sourcecode.swift; path = GFUserInfoHeaderVC.swift; sourceTree = "<group>"; };
		8B4A3A9627A6FAF700851673 /* GFSecondaryTitleLabel.swift */ = {isa = PBXFileReference; lastKnownFileType = sourcecode.swift; path = GFSecondaryTitleLabel.swift; sourceTree = "<group>"; };
		8B4A3A9827A701C100851673 /* Constants.swift */ = {isa = PBXFileReference; lastKnownFileType = sourcecode.swift; path = Constants.swift; sourceTree = "<group>"; };
		8B4A3A9A27A7138F00851673 /* GFItemInfoView.swift */ = {isa = PBXFileReference; lastKnownFileType = sourcecode.swift; path = GFItemInfoView.swift; sourceTree = "<group>"; };
		8B4A3A9E27A8381400851673 /* GFItemInfoVC.swift */ = {isa = PBXFileReference; lastKnownFileType = sourcecode.swift; path = GFItemInfoVC.swift; sourceTree = "<group>"; };
		8B4A3AA027A83C4100851673 /* GFRepoItemVC.swift */ = {isa = PBXFileReference; lastKnownFileType = sourcecode.swift; path = GFRepoItemVC.swift; sourceTree = "<group>"; };
		8B4A3AA227A83E3100851673 /* GFFollowerItemVC.swift */ = {isa = PBXFileReference; lastKnownFileType = sourcecode.swift; path = GFFollowerItemVC.swift; sourceTree = "<group>"; };
		8B503D9327A9C55500682564 /* Date+Ext.swift */ = {isa = PBXFileReference; lastKnownFileType = sourcecode.swift; path = "Date+Ext.swift"; sourceTree = "<group>"; };
		8B503D9727A9C8A400682564 /* UIView+Ext.swift */ = {isa = PBXFileReference; fileEncoding = 4; lastKnownFileType = sourcecode.swift; path = "UIView+Ext.swift"; sourceTree = "<group>"; };
		8B503D9827A9C8A400682564 /* UITableView+Ext.swift */ = {isa = PBXFileReference; fileEncoding = 4; lastKnownFileType = sourcecode.swift; path = "UITableView+Ext.swift"; sourceTree = "<group>"; };
		8B79CAC7279C8A79001D4F6C /* GHFollowers.app */ = {isa = PBXFileReference; explicitFileType = wrapper.application; includeInIndex = 0; path = GHFollowers.app; sourceTree = BUILT_PRODUCTS_DIR; };
		8B79CACA279C8A79001D4F6C /* AppDelegate.swift */ = {isa = PBXFileReference; lastKnownFileType = sourcecode.swift; path = AppDelegate.swift; sourceTree = "<group>"; };
		8B79CACC279C8A79001D4F6C /* SceneDelegate.swift */ = {isa = PBXFileReference; lastKnownFileType = sourcecode.swift; path = SceneDelegate.swift; sourceTree = "<group>"; };
		8B79CAD3279C8A7B001D4F6C /* Assets.xcassets */ = {isa = PBXFileReference; lastKnownFileType = folder.assetcatalog; path = Assets.xcassets; sourceTree = "<group>"; };
		8B79CAD6279C8A7B001D4F6C /* Base */ = {isa = PBXFileReference; lastKnownFileType = file.storyboard; name = Base; path = Base.lproj/LaunchScreen.storyboard; sourceTree = "<group>"; };
		8B79CAD8279C8A7B001D4F6C /* Info.plist */ = {isa = PBXFileReference; lastKnownFileType = text.plist.xml; path = Info.plist; sourceTree = "<group>"; };
		8B79CADE279C8EB2001D4F6C /* README.md */ = {isa = PBXFileReference; fileEncoding = 4; lastKnownFileType = net.daringfireball.markdown; path = README.md; sourceTree = "<group>"; };
		8B79CAE0279C94E6001D4F6C /* SearchVC.swift */ = {isa = PBXFileReference; lastKnownFileType = sourcecode.swift; path = SearchVC.swift; sourceTree = "<group>"; };
		8B79CAE2279C957C001D4F6C /* FavoritesListVC.swift */ = {isa = PBXFileReference; lastKnownFileType = sourcecode.swift; path = FavoritesListVC.swift; sourceTree = "<group>"; };
		8B79CAE4279C9EC2001D4F6C /* GFButton.swift */ = {isa = PBXFileReference; lastKnownFileType = sourcecode.swift; path = GFButton.swift; sourceTree = "<group>"; };
		8B79CAE6279CA424001D4F6C /* GFTextField.swift */ = {isa = PBXFileReference; lastKnownFileType = sourcecode.swift; path = GFTextField.swift; sourceTree = "<group>"; };
		8B79CAE8279DAA81001D4F6C /* FollowersListVC.swift */ = {isa = PBXFileReference; lastKnownFileType = sourcecode.swift; path = FollowersListVC.swift; sourceTree = "<group>"; };
		8B79CAEC279DB274001D4F6C /* GFTitleLabel.swift */ = {isa = PBXFileReference; lastKnownFileType = sourcecode.swift; path = GFTitleLabel.swift; sourceTree = "<group>"; };
		8B79CAEE279DC334001D4F6C /* GFBodyLabel.swift */ = {isa = PBXFileReference; lastKnownFileType = sourcecode.swift; path = GFBodyLabel.swift; sourceTree = "<group>"; };
		8B79CAF0279DC3EF001D4F6C /* GFAlertVC.swift */ = {isa = PBXFileReference; lastKnownFileType = sourcecode.swift; path = GFAlertVC.swift; sourceTree = "<group>"; };
		8B79CAF2279DCC88001D4F6C /* UIViewController+Ext.swift */ = {isa = PBXFileReference; lastKnownFileType = sourcecode.swift; path = "UIViewController+Ext.swift"; sourceTree = "<group>"; };
		8B79CAF8279DD75A001D4F6C /* Follower.swift */ = {isa = PBXFileReference; lastKnownFileType = sourcecode.swift; path = Follower.swift; sourceTree = "<group>"; };
		8B79CAFA279DD81A001D4F6C /* User.swift */ = {isa = PBXFileReference; lastKnownFileType = sourcecode.swift; path = User.swift; sourceTree = "<group>"; };
		8B79CAFD279DDD31001D4F6C /* NetworkManager.swift */ = {isa = PBXFileReference; lastKnownFileType = sourcecode.swift; path = NetworkManager.swift; sourceTree = "<group>"; };
		8B79CB03279DF119001D4F6C /* FollowerCell.swift */ = {isa = PBXFileReference; lastKnownFileType = sourcecode.swift; path = FollowerCell.swift; sourceTree = "<group>"; };
		8B79CB05279DF1B3001D4F6C /* GFAvatarImageView.swift */ = {isa = PBXFileReference; lastKnownFileType = sourcecode.swift; path = GFAvatarImageView.swift; sourceTree = "<group>"; };
		FA41A2D027AF01D50075E21D /* PersistenceManager.swift */ = {isa = PBXFileReference; lastKnownFileType = sourcecode.swift; path = PersistenceManager.swift; sourceTree = "<group>"; };
		FA41A2D527AFEA2B0075E21D /* FavoriteCell.swift */ = {isa = PBXFileReference; lastKnownFileType = sourcecode.swift; path = FavoriteCell.swift; sourceTree = "<group>"; };
		FA41A2D827B004F80075E21D /* GFTabBarController.swift */ = {isa = PBXFileReference; lastKnownFileType = sourcecode.swift; path = GFTabBarController.swift; sourceTree = "<group>"; };
		FA41A2DA27B00EE00075E21D /* GFAlertContainerView.swift */ = {isa = PBXFileReference; lastKnownFileType = sourcecode.swift; path = GFAlertContainerView.swift; sourceTree = "<group>"; };
		FA41A2DC27B054AA0075E21D /* GFDataLoadingVC.swift */ = {isa = PBXFileReference; lastKnownFileType = sourcecode.swift; path = GFDataLoadingVC.swift; sourceTree = "<group>"; };
/* End PBXFileReference section */

/* Begin PBXFrameworksBuildPhase section */
		8B79CAC4279C8A79001D4F6C /* Frameworks */ = {
			isa = PBXFrameworksBuildPhase;
			buildActionMask = 2147483647;
			files = (
			);
			runOnlyForDeploymentPostprocessing = 0;
		};
/* End PBXFrameworksBuildPhase section */

/* Begin PBXGroup section */
		8B4A3A8827A5D19700851673 /* Views */ = {
			isa = PBXGroup;
			children = (
				8B4A3A8E27A5D5BC00851673 /* GFEmptyStateView.swift */,
				8B4A3A9A27A7138F00851673 /* GFItemInfoView.swift */,
				FA41A2DA27B00EE00075E21D /* GFAlertContainerView.swift */,
			);
			path = Views;
			sourceTree = "<group>";
		};
		8B4A3A8927A5D1A200851673 /* Buttons */ = {
			isa = PBXGroup;
			children = (
				8B79CAE4279C9EC2001D4F6C /* GFButton.swift */,
			);
			path = Buttons;
			sourceTree = "<group>";
		};
		8B4A3A8A27A5D1A800851673 /* TextFields */ = {
			isa = PBXGroup;
			children = (
				8B79CAE6279CA424001D4F6C /* GFTextField.swift */,
			);
			path = TextFields;
			sourceTree = "<group>";
		};
		8B4A3A8B27A5D1AE00851673 /* ImageViews */ = {
			isa = PBXGroup;
			children = (
				8B79CB05279DF1B3001D4F6C /* GFAvatarImageView.swift */,
			);
			path = ImageViews;
			sourceTree = "<group>";
		};
		8B4A3A8C27A5D52D00851673 /* ViewControllers */ = {
			isa = PBXGroup;
			children = (
				8B4A3AA427A83E9800851673 /* ItemInfoVCs */,
				8B79CAF0279DC3EF001D4F6C /* GFAlertVC.swift */,
				8B4A3A9427A6FA8C00851673 /* GFUserInfoHeaderVC.swift */,
				FA41A2DC27B054AA0075E21D /* GFDataLoadingVC.swift */,
			);
			path = ViewControllers;
			sourceTree = "<group>";
		};
		8B4A3A8D27A5D56700851673 /* Labels */ = {
			isa = PBXGroup;
			children = (
				8B79CAEE279DC334001D4F6C /* GFBodyLabel.swift */,
				8B79CAEC279DB274001D4F6C /* GFTitleLabel.swift */,
				8B4A3A9627A6FAF700851673 /* GFSecondaryTitleLabel.swift */,
			);
			path = Labels;
			sourceTree = "<group>";
		};
		8B4A3AA427A83E9800851673 /* ItemInfoVCs */ = {
			isa = PBXGroup;
			children = (
				8B4A3A9E27A8381400851673 /* GFItemInfoVC.swift */,
				8B4A3AA027A83C4100851673 /* GFRepoItemVC.swift */,
				8B4A3AA227A83E3100851673 /* GFFollowerItemVC.swift */,
			);
			path = ItemInfoVCs;
			sourceTree = "<group>";
		};
		8B79CABE279C8A79001D4F6C = {
			isa = PBXGroup;
			children = (
				8B79CAC9279C8A79001D4F6C /* GHFollowers */,
				8B79CAC8279C8A79001D4F6C /* Products */,
			);
			sourceTree = "<group>";
		};
		8B79CAC8279C8A79001D4F6C /* Products */ = {
			isa = PBXGroup;
			children = (
				8B79CAC7279C8A79001D4F6C /* GHFollowers.app */,
			);
			name = Products;
			sourceTree = "<group>";
		};
		8B79CAC9279C8A79001D4F6C /* GHFollowers */ = {
			isa = PBXGroup;
			children = (
				8B79CADE279C8EB2001D4F6C /* README.md */,
				8B79CAF7279DD746001D4F6C /* Model */,
				8B79CAFC279DDCF3001D4F6C /* Managers */,
				8B79CAF4279DCF88001D4F6C /* Screens */,
				8B79CAF5279DCFB9001D4F6C /* Views */,
				8B79CAF6279DCFF0001D4F6C /* Extensions */,
				8B79CAFF279DE774001D4F6C /* Utilities */,
				8B79CACA279C8A79001D4F6C /* AppDelegate.swift */,
				8B79CACC279C8A79001D4F6C /* SceneDelegate.swift */,
				8B79CAD3279C8A7B001D4F6C /* Assets.xcassets */,
				8B79CAD5279C8A7B001D4F6C /* LaunchScreen.storyboard */,
				8B79CAD8279C8A7B001D4F6C /* Info.plist */,
			);
			path = GHFollowers;
			sourceTree = "<group>";
		};
		8B79CAF4279DCF88001D4F6C /* Screens */ = {
			isa = PBXGroup;
			children = (
				8B79CAE0279C94E6001D4F6C /* SearchVC.swift */,
				8B79CAE2279C957C001D4F6C /* FavoritesListVC.swift */,
				8B79CAE8279DAA81001D4F6C /* FollowersListVC.swift */,
				8B4A3A9027A6EB1900851673 /* UserInfoVC.swift */,
			);
			path = Screens;
			sourceTree = "<group>";
		};
		8B79CAF5279DCFB9001D4F6C /* Views */ = {
			isa = PBXGroup;
			children = (
				FA41A2D727B004C50075E21D /* TabBarControllers */,
				8B4A3A8D27A5D56700851673 /* Labels */,
				8B4A3A8C27A5D52D00851673 /* ViewControllers */,
				8B4A3A8B27A5D1AE00851673 /* ImageViews */,
				8B4A3A8A27A5D1A800851673 /* TextFields */,
				8B4A3A8927A5D1A200851673 /* Buttons */,
				8B4A3A8827A5D19700851673 /* Views */,
				8B79CB02279DF0F8001D4F6C /* Cells */,
			);
			path = Views;
			sourceTree = "<group>";
		};
		8B79CAF6279DCFF0001D4F6C /* Extensions */ = {
			isa = PBXGroup;
			children = (
				8B503D9827A9C8A400682564 /* UITableView+Ext.swift */,
				8B503D9727A9C8A400682564 /* UIView+Ext.swift */,
				8B79CAF2279DCC88001D4F6C /* UIViewController+Ext.swift */,
				8B1DBCA627A1CBD900E93AA2 /* String+Ext.swift */,
				8B503D9327A9C55500682564 /* Date+Ext.swift */,
			);
			path = Extensions;
			sourceTree = "<group>";
		};
		8B79CAF7279DD746001D4F6C /* Model */ = {
			isa = PBXGroup;
			children = (
				8B79CAF8279DD75A001D4F6C /* Follower.swift */,
				8B79CAFA279DD81A001D4F6C /* User.swift */,
			);
			path = Model;
			sourceTree = "<group>";
		};
		8B79CAFC279DDCF3001D4F6C /* Managers */ = {
			isa = PBXGroup;
			children = (
				8B79CAFD279DDD31001D4F6C /* NetworkManager.swift */,
				FA41A2D027AF01D50075E21D /* PersistenceManager.swift */,
			);
			path = Managers;
			sourceTree = "<group>";
		};
		8B79CAFF279DE774001D4F6C /* Utilities */ = {
			isa = PBXGroup;
			children = (
				8B4A3A8627A5B86700851673 /* UIHelper.swift */,
				8B4A3A9227A6F41600851673 /* GFError.swift */,
				8B4A3A9827A701C100851673 /* Constants.swift */,
			);
			path = Utilities;
			sourceTree = "<group>";
		};
		8B79CB02279DF0F8001D4F6C /* Cells */ = {
			isa = PBXGroup;
			children = (
				8B79CB03279DF119001D4F6C /* FollowerCell.swift */,
				FA41A2D527AFEA2B0075E21D /* FavoriteCell.swift */,
			);
			path = Cells;
			sourceTree = "<group>";
		};
		FA41A2D727B004C50075E21D /* TabBarControllers */ = {
			isa = PBXGroup;
			children = (
				FA41A2D827B004F80075E21D /* GFTabBarController.swift */,
			);
			path = TabBarControllers;
			sourceTree = "<group>";
		};
/* End PBXGroup section */

/* Begin PBXNativeTarget section */
		8B79CAC6279C8A79001D4F6C /* GHFollowers */ = {
			isa = PBXNativeTarget;
			buildConfigurationList = 8B79CADB279C8A7B001D4F6C /* Build configuration list for PBXNativeTarget "GHFollowers" */;
			buildPhases = (
				8B79CAC3279C8A79001D4F6C /* Sources */,
				8B79CAC4279C8A79001D4F6C /* Frameworks */,
				8B79CAC5279C8A79001D4F6C /* Resources */,
			);
			buildRules = (
			);
			dependencies = (
			);
			name = GHFollowers;
			productName = GHFollowers;
			productReference = 8B79CAC7279C8A79001D4F6C /* GHFollowers.app */;
			productType = "com.apple.product-type.application";
		};
/* End PBXNativeTarget section */

/* Begin PBXProject section */
		8B79CABF279C8A79001D4F6C /* Project object */ = {
			isa = PBXProject;
			attributes = {
				BuildIndependentTargetsInParallel = 1;
				LastSwiftUpdateCheck = 1320;
				LastUpgradeCheck = 1320;
				TargetAttributes = {
					8B79CAC6279C8A79001D4F6C = {
						CreatedOnToolsVersion = 13.2.1;
						LastSwiftMigration = 1320;
					};
				};
			};
			buildConfigurationList = 8B79CAC2279C8A79001D4F6C /* Build configuration list for PBXProject "GHFollowers" */;
			compatibilityVersion = "Xcode 13.0";
			developmentRegion = en;
			hasScannedForEncodings = 0;
			knownRegions = (
				en,
				Base,
			);
			mainGroup = 8B79CABE279C8A79001D4F6C;
			productRefGroup = 8B79CAC8279C8A79001D4F6C /* Products */;
			projectDirPath = "";
			projectRoot = "";
			targets = (
				8B79CAC6279C8A79001D4F6C /* GHFollowers */,
			);
		};
/* End PBXProject section */

/* Begin PBXResourcesBuildPhase section */
		8B79CAC5279C8A79001D4F6C /* Resources */ = {
			isa = PBXResourcesBuildPhase;
			buildActionMask = 2147483647;
			files = (
				8B79CAD7279C8A7B001D4F6C /* LaunchScreen.storyboard in Resources */,
				8B79CAD4279C8A7B001D4F6C /* Assets.xcassets in Resources */,
				8B79CADF279C8EB3001D4F6C /* README.md in Resources */,
			);
			runOnlyForDeploymentPostprocessing = 0;
		};
/* End PBXResourcesBuildPhase section */

/* Begin PBXSourcesBuildPhase section */
		8B79CAC3279C8A79001D4F6C /* Sources */ = {
			isa = PBXSourcesBuildPhase;
			buildActionMask = 2147483647;
			files = (
				8B1DBCA727A1CBD900E93AA2 /* String+Ext.swift in Sources */,
				8B79CAFB279DD81A001D4F6C /* User.swift in Sources */,
				8B79CAE7279CA424001D4F6C /* GFTextField.swift in Sources */,
				8B4A3A9527A6FA8C00851673 /* GFUserInfoHeaderVC.swift in Sources */,
				8B79CAE9279DAA82001D4F6C /* FollowersListVC.swift in Sources */,
				8B79CAE3279C957C001D4F6C /* FavoritesListVC.swift in Sources */,
				8B4A3A8F27A5D5BC00851673 /* GFEmptyStateView.swift in Sources */,
				8B4A3A9727A6FAF700851673 /* GFSecondaryTitleLabel.swift in Sources */,
				8B79CAF3279DCC88001D4F6C /* UIViewController+Ext.swift in Sources */,
				8B79CB06279DF1B3001D4F6C /* GFAvatarImageView.swift in Sources */,
				8B4A3A9327A6F41600851673 /* GFError.swift in Sources */,
				8B79CAE5279C9EC3001D4F6C /* GFButton.swift in Sources */,
				8B4A3AA127A83C4100851673 /* GFRepoItemVC.swift in Sources */,
				8B503D9A27A9C8A400682564 /* UITableView+Ext.swift in Sources */,
				8B503D9927A9C8A400682564 /* UIView+Ext.swift in Sources */,
				8B79CAF1279DC3EF001D4F6C /* GFAlertVC.swift in Sources */,
				8B79CB04279DF119001D4F6C /* FollowerCell.swift in Sources */,
				8B4A3A9127A6EB1900851673 /* UserInfoVC.swift in Sources */,
				8B79CAEF279DC334001D4F6C /* GFBodyLabel.swift in Sources */,
				FA41A2D127AF01D50075E21D /* PersistenceManager.swift in Sources */,
				8B79CAF9279DD75A001D4F6C /* Follower.swift in Sources */,
				8B79CAED279DB274001D4F6C /* GFTitleLabel.swift in Sources */,
				FA41A2DD27B054AA0075E21D /* GFDataLoadingVC.swift in Sources */,
				FA41A2D927B004F80075E21D /* GFTabBarController.swift in Sources */,
				8B4A3A9F27A8381400851673 /* GFItemInfoVC.swift in Sources */,
				8B4A3AA327A83E3100851673 /* GFFollowerItemVC.swift in Sources */,
				8B79CAFE279DDD32001D4F6C /* NetworkManager.swift in Sources */,
				8B4A3A8727A5B86700851673 /* UIHelper.swift in Sources */,
				8B503D9427A9C55500682564 /* Date+Ext.swift in Sources */,
				FA41A2DB27B00EE00075E21D /* GFAlertContainerView.swift in Sources */,
				FA41A2D627AFEA2B0075E21D /* FavoriteCell.swift in Sources */,
				8B79CAE1279C94E6001D4F6C /* SearchVC.swift in Sources */,
				8B79CACB279C8A79001D4F6C /* AppDelegate.swift in Sources */,
				8B4A3A9B27A7138F00851673 /* GFItemInfoView.swift in Sources */,
				8B79CACD279C8A79001D4F6C /* SceneDelegate.swift in Sources */,
				8B4A3A9927A701C100851673 /* Constants.swift in Sources */,
			);
			runOnlyForDeploymentPostprocessing = 0;
		};
/* End PBXSourcesBuildPhase section */

/* Begin PBXVariantGroup section */
		8B79CAD5279C8A7B001D4F6C /* LaunchScreen.storyboard */ = {
			isa = PBXVariantGroup;
			children = (
				8B79CAD6279C8A7B001D4F6C /* Base */,
			);
			name = LaunchScreen.storyboard;
			sourceTree = "<group>";
		};
/* End PBXVariantGroup section */

/* Begin XCBuildConfiguration section */
		8B79CAD9279C8A7B001D4F6C /* Debug */ = {
			isa = XCBuildConfiguration;
			buildSettings = {
				ALWAYS_SEARCH_USER_PATHS = NO;
				CLANG_ANALYZER_NONNULL = YES;
				CLANG_ANALYZER_NUMBER_OBJECT_CONVERSION = YES_AGGRESSIVE;
				CLANG_CXX_LANGUAGE_STANDARD = "gnu++17";
				CLANG_CXX_LIBRARY = "libc++";
				CLANG_ENABLE_MODULES = YES;
				CLANG_ENABLE_OBJC_ARC = YES;
				CLANG_ENABLE_OBJC_WEAK = YES;
				CLANG_WARN_BLOCK_CAPTURE_AUTORELEASING = YES;
				CLANG_WARN_BOOL_CONVERSION = YES;
				CLANG_WARN_COMMA = YES;
				CLANG_WARN_CONSTANT_CONVERSION = YES;
				CLANG_WARN_DEPRECATED_OBJC_IMPLEMENTATIONS = YES;
				CLANG_WARN_DIRECT_OBJC_ISA_USAGE = YES_ERROR;
				CLANG_WARN_DOCUMENTATION_COMMENTS = YES;
				CLANG_WARN_EMPTY_BODY = YES;
				CLANG_WARN_ENUM_CONVERSION = YES;
				CLANG_WARN_INFINITE_RECURSION = YES;
				CLANG_WARN_INT_CONVERSION = YES;
				CLANG_WARN_NON_LITERAL_NULL_CONVERSION = YES;
				CLANG_WARN_OBJC_IMPLICIT_RETAIN_SELF = YES;
				CLANG_WARN_OBJC_LITERAL_CONVERSION = YES;
				CLANG_WARN_OBJC_ROOT_CLASS = YES_ERROR;
				CLANG_WARN_QUOTED_INCLUDE_IN_FRAMEWORK_HEADER = YES;
				CLANG_WARN_RANGE_LOOP_ANALYSIS = YES;
				CLANG_WARN_STRICT_PROTOTYPES = YES;
				CLANG_WARN_SUSPICIOUS_MOVE = YES;
				CLANG_WARN_UNGUARDED_AVAILABILITY = YES_AGGRESSIVE;
				CLANG_WARN_UNREACHABLE_CODE = YES;
				CLANG_WARN__DUPLICATE_METHOD_MATCH = YES;
				COPY_PHASE_STRIP = NO;
				DEBUG_INFORMATION_FORMAT = dwarf;
				ENABLE_STRICT_OBJC_MSGSEND = YES;
				ENABLE_TESTABILITY = YES;
				GCC_C_LANGUAGE_STANDARD = gnu11;
				GCC_DYNAMIC_NO_PIC = NO;
				GCC_NO_COMMON_BLOCKS = YES;
				GCC_OPTIMIZATION_LEVEL = 0;
				GCC_PREPROCESSOR_DEFINITIONS = (
					"DEBUG=1",
					"$(inherited)",
				);
				GCC_WARN_64_TO_32_BIT_CONVERSION = YES;
				GCC_WARN_ABOUT_RETURN_TYPE = YES_ERROR;
				GCC_WARN_UNDECLARED_SELECTOR = YES;
				GCC_WARN_UNINITIALIZED_AUTOS = YES_AGGRESSIVE;
				GCC_WARN_UNUSED_FUNCTION = YES;
				GCC_WARN_UNUSED_VARIABLE = YES;
				IPHONEOS_DEPLOYMENT_TARGET = 15.2;
				MTL_ENABLE_DEBUG_INFO = INCLUDE_SOURCE;
				MTL_FAST_MATH = YES;
				ONLY_ACTIVE_ARCH = YES;
				SDKROOT = iphoneos;
				SWIFT_ACTIVE_COMPILATION_CONDITIONS = DEBUG;
				SWIFT_OPTIMIZATION_LEVEL = "-Onone";
			};
			name = Debug;
		};
		8B79CADA279C8A7B001D4F6C /* Release */ = {
			isa = XCBuildConfiguration;
			buildSettings = {
				ALWAYS_SEARCH_USER_PATHS = NO;
				CLANG_ANALYZER_NONNULL = YES;
				CLANG_ANALYZER_NUMBER_OBJECT_CONVERSION = YES_AGGRESSIVE;
				CLANG_CXX_LANGUAGE_STANDARD = "gnu++17";
				CLANG_CXX_LIBRARY = "libc++";
				CLANG_ENABLE_MODULES = YES;
				CLANG_ENABLE_OBJC_ARC = YES;
				CLANG_ENABLE_OBJC_WEAK = YES;
				CLANG_WARN_BLOCK_CAPTURE_AUTORELEASING = YES;
				CLANG_WARN_BOOL_CONVERSION = YES;
				CLANG_WARN_COMMA = YES;
				CLANG_WARN_CONSTANT_CONVERSION = YES;
				CLANG_WARN_DEPRECATED_OBJC_IMPLEMENTATIONS = YES;
				CLANG_WARN_DIRECT_OBJC_ISA_USAGE = YES_ERROR;
				CLANG_WARN_DOCUMENTATION_COMMENTS = YES;
				CLANG_WARN_EMPTY_BODY = YES;
				CLANG_WARN_ENUM_CONVERSION = YES;
				CLANG_WARN_INFINITE_RECURSION = YES;
				CLANG_WARN_INT_CONVERSION = YES;
				CLANG_WARN_NON_LITERAL_NULL_CONVERSION = YES;
				CLANG_WARN_OBJC_IMPLICIT_RETAIN_SELF = YES;
				CLANG_WARN_OBJC_LITERAL_CONVERSION = YES;
				CLANG_WARN_OBJC_ROOT_CLASS = YES_ERROR;
				CLANG_WARN_QUOTED_INCLUDE_IN_FRAMEWORK_HEADER = YES;
				CLANG_WARN_RANGE_LOOP_ANALYSIS = YES;
				CLANG_WARN_STRICT_PROTOTYPES = YES;
				CLANG_WARN_SUSPICIOUS_MOVE = YES;
				CLANG_WARN_UNGUARDED_AVAILABILITY = YES_AGGRESSIVE;
				CLANG_WARN_UNREACHABLE_CODE = YES;
				CLANG_WARN__DUPLICATE_METHOD_MATCH = YES;
				COPY_PHASE_STRIP = NO;
				DEBUG_INFORMATION_FORMAT = "dwarf-with-dsym";
				ENABLE_NS_ASSERTIONS = NO;
				ENABLE_STRICT_OBJC_MSGSEND = YES;
				GCC_C_LANGUAGE_STANDARD = gnu11;
				GCC_NO_COMMON_BLOCKS = YES;
				GCC_WARN_64_TO_32_BIT_CONVERSION = YES;
				GCC_WARN_ABOUT_RETURN_TYPE = YES_ERROR;
				GCC_WARN_UNDECLARED_SELECTOR = YES;
				GCC_WARN_UNINITIALIZED_AUTOS = YES_AGGRESSIVE;
				GCC_WARN_UNUSED_FUNCTION = YES;
				GCC_WARN_UNUSED_VARIABLE = YES;
				IPHONEOS_DEPLOYMENT_TARGET = 15.2;
				MTL_ENABLE_DEBUG_INFO = NO;
				MTL_FAST_MATH = YES;
				SDKROOT = iphoneos;
				SWIFT_COMPILATION_MODE = wholemodule;
				SWIFT_OPTIMIZATION_LEVEL = "-O";
				VALIDATE_PRODUCT = YES;
			};
			name = Release;
		};
		8B79CADC279C8A7B001D4F6C /* Debug */ = {
			isa = XCBuildConfiguration;
			buildSettings = {
				ASSETCATALOG_COMPILER_APPICON_NAME = AppIcon;
				ASSETCATALOG_COMPILER_GLOBAL_ACCENT_COLOR_NAME = AccentColor;
				CLANG_ENABLE_MODULES = YES;
				CODE_SIGN_STYLE = Automatic;
				CURRENT_PROJECT_VERSION = 1;
				DEVELOPMENT_TEAM = R55SB7N5G9;
				GENERATE_INFOPLIST_FILE = YES;
				INFOPLIST_FILE = GHFollowers/Info.plist;
				INFOPLIST_KEY_UIApplicationSupportsIndirectInputEvents = YES;
				INFOPLIST_KEY_UILaunchStoryboardName = LaunchScreen;
				INFOPLIST_KEY_UISupportedInterfaceOrientations = UIInterfaceOrientationPortrait;
				INFOPLIST_KEY_UISupportedInterfaceOrientations_iPad = "UIInterfaceOrientationPortrait UIInterfaceOrientationPortraitUpsideDown UIInterfaceOrientationLandscapeLeft UIInterfaceOrientationLandscapeRight";
				INFOPLIST_KEY_UISupportedInterfaceOrientations_iPhone = "UIInterfaceOrientationPortrait UIInterfaceOrientationLandscapeLeft UIInterfaceOrientationLandscapeRight";
				IPHONEOS_DEPLOYMENT_TARGET = 15.2;
				LD_RUNPATH_SEARCH_PATHS = (
					"$(inherited)",
					"@executable_path/Frameworks",
				);
				MARKETING_VERSION = 1.0;
				PRODUCT_BUNDLE_IDENTIFIER = dev.slashapp.GHFollowers;
				PRODUCT_NAME = "$(TARGET_NAME)";
				SWIFT_EMIT_LOC_STRINGS = YES;
				SWIFT_OPTIMIZATION_LEVEL = "-Onone";
				SWIFT_VERSION = 5.0;
				TARGETED_DEVICE_FAMILY = 1;
			};
			name = Debug;
		};
		8B79CADD279C8A7B001D4F6C /* Release */ = {
			isa = XCBuildConfiguration;
			buildSettings = {
				ASSETCATALOG_COMPILER_APPICON_NAME = AppIcon;
				ASSETCATALOG_COMPILER_GLOBAL_ACCENT_COLOR_NAME = AccentColor;
				CLANG_ENABLE_MODULES = YES;
				CODE_SIGN_STYLE = Automatic;
				CURRENT_PROJECT_VERSION = 1;
				DEVELOPMENT_TEAM = R55SB7N5G9;
				GENERATE_INFOPLIST_FILE = YES;
				INFOPLIST_FILE = GHFollowers/Info.plist;
				INFOPLIST_KEY_UIApplicationSupportsIndirectInputEvents = YES;
				INFOPLIST_KEY_UILaunchStoryboardName = LaunchScreen;
				INFOPLIST_KEY_UISupportedInterfaceOrientations = UIInterfaceOrientationPortrait;
				INFOPLIST_KEY_UISupportedInterfaceOrientations_iPad = "UIInterfaceOrientationPortrait UIInterfaceOrientationPortraitUpsideDown UIInterfaceOrientationLandscapeLeft UIInterfaceOrientationLandscapeRight";
				INFOPLIST_KEY_UISupportedInterfaceOrientations_iPhone = "UIInterfaceOrientationPortrait UIInterfaceOrientationLandscapeLeft UIInterfaceOrientationLandscapeRight";
				IPHONEOS_DEPLOYMENT_TARGET = 15.2;
				LD_RUNPATH_SEARCH_PATHS = (
					"$(inherited)",
					"@executable_path/Frameworks",
				);
				MARKETING_VERSION = 1.0;
				PRODUCT_BUNDLE_IDENTIFIER = dev.slashapp.GHFollowers;
				PRODUCT_NAME = "$(TARGET_NAME)";
				SWIFT_EMIT_LOC_STRINGS = YES;
				SWIFT_VERSION = 5.0;
				TARGETED_DEVICE_FAMILY = 1;
			};
			name = Release;
		};
/* End XCBuildConfiguration section */

/* Begin XCConfigurationList section */
		8B79CAC2279C8A79001D4F6C /* Build configuration list for PBXProject "GHFollowers" */ = {
			isa = XCConfigurationList;
			buildConfigurations = (
				8B79CAD9279C8A7B001D4F6C /* Debug */,
				8B79CADA279C8A7B001D4F6C /* Release */,
			);
			defaultConfigurationIsVisible = 0;
			defaultConfigurationName = Release;
		};
		8B79CADB279C8A7B001D4F6C /* Build configuration list for PBXNativeTarget "GHFollowers" */ = {
			isa = XCConfigurationList;
			buildConfigurations = (
				8B79CADC279C8A7B001D4F6C /* Debug */,
				8B79CADD279C8A7B001D4F6C /* Release */,
			);
			defaultConfigurationIsVisible = 0;
			defaultConfigurationName = Release;
		};
/* End XCConfigurationList section */
	};
	rootObject = 8B79CABF279C8A79001D4F6C /* Project object */;
}
